
Microsoft Visual Studio Solution File, Format Version 12.00
# Visual Studio 15
VisualStudioVersion = 15.0.26228.4
MinimumVisualStudioVersion = 10.0.40219.1
Project("{FAE04EC0-301F-11D3-BF4B-00C04F79EFBC}") = "Builder", "Builder\Builder.csproj", "{4CC8DAEC-72FA-4284-AEB3-2D5CA7520631}"
EndProject
Project("{FAE04EC0-301F-11D3-BF4B-00C04F79EFBC}") = "BuilderUnitTest", "BuilderUnitTest\BuilderUnitTest.csproj", "{8CEE8C8D-B6CC-4AD1-90A0-D0E7A2F2E664}"
EndProject
Global
	GlobalSection(SolutionConfigurationPlatforms) = preSolution
		Debug|Any CPU = Debug|Any CPU
		Release|Any CPU = Release|Any CPU
	EndGlobalSection
	GlobalSection(ProjectConfigurationPlatforms) = postSolution
		{4CC8DAEC-72FA-4284-AEB3-2D5CA7520631}.Debug|Any CPU.ActiveCfg = Debug|Any CPU
		{4CC8DAEC-72FA-4284-AEB3-2D5CA7520631}.Debug|Any CPU.Build.0 = Debug|Any CPU
		{4CC8DAEC-72FA-4284-AEB3-2D5CA7520631}.Release|Any CPU.ActiveCfg = Release|Any CPU
		{4CC8DAEC-72FA-4284-AEB3-2D5CA7520631}.Release|Any CPU.Build.0 = Release|Any CPU
		{8CEE8C8D-B6CC-4AD1-90A0-D0E7A2F2E664}.Debug|Any CPU.ActiveCfg = Debug|Any CPU
		{8CEE8C8D-B6CC-4AD1-90A0-D0E7A2F2E664}.Debug|Any CPU.Build.0 = Debug|Any CPU
		{8CEE8C8D-B6CC-4AD1-90A0-D0E7A2F2E664}.Release|Any CPU.ActiveCfg = Release|Any CPU
		{8CEE8C8D-B6CC-4AD1-90A0-D0E7A2F2E664}.Release|Any CPU.Build.0 = Release|Any CPU
	EndGlobalSection
	GlobalSection(SolutionProperties) = preSolution
		HideSolutionNode = FALSE
	EndGlobalSection
EndGlobal
